
Microsoft Visual Studio Solution File, Format Version 12.00
# Visual Studio Version 16
VisualStudioVersion = 16.0.30907.101
MinimumVisualStudioVersion = 10.0.40219.1
Project("{FAE04EC0-301F-11D3-BF4B-00C04F79EFBC}") = "PizzaEd", "PizzaEd.csproj", "{B83C6CB7-BD1B-439A-8089-74E6F26FCB8E}"
EndProject
Global
	GlobalSection(SolutionConfigurationPlatforms) = preSolution
		Debug|Any CPU = Debug|Any CPU
		Release|Any CPU = Release|Any CPU
	EndGlobalSection
	GlobalSection(ProjectConfigurationPlatforms) = postSolution
		{B83C6CB7-BD1B-439A-8089-74E6F26FCB8E}.Debug|Any CPU.ActiveCfg = Debug|Any CPU
		{B83C6CB7-BD1B-439A-8089-74E6F26FCB8E}.Debug|Any CPU.Build.0 = Debug|Any CPU
		{B83C6CB7-BD1B-439A-8089-74E6F26FCB8E}.Release|Any CPU.ActiveCfg = Release|Any CPU
		{B83C6CB7-BD1B-439A-8089-74E6F26FCB8E}.Release|Any CPU.Build.0 = Release|Any CPU
	EndGlobalSection
	GlobalSection(SolutionProperties) = preSolution
		HideSolutionNode = FALSE
	EndGlobalSection
	GlobalSection(ExtensibilityGlobals) = postSolution
		SolutionGuid = {FBEB3895-5FF9-4640-A50D-984A6894A4A9}
	EndGlobalSection
EndGlobal
